
Microsoft Visual Studio Solution File, Format Version 12.00
# Visual Studio 15
VisualStudioVersion = 15.0.28010.2048
MinimumVisualStudioVersion = 10.0.40219.1
Project("{FAE04EC0-301F-11D3-BF4B-00C04F79EFBC}") = "AspDotNetCoreMvc", "AspDotNetCoreMvc\AspDotNetCoreMvc.csproj", "{F1CBD91E-8FC7-4793-A9F1-BBCCE9A995EA}"
EndProject
Project("{FAE04EC0-301F-11D3-BF4B-00C04F79EFBC}") = "AspDotNetCoreMvc.Models", "AspDotNetCoreMvc.Models\AspDotNetCoreMvc.Models.csproj", "{5F713ED2-77E8-4A63-B7CC-4EEA5F1FADB0}"
EndProject
Global
	GlobalSection(SolutionConfigurationPlatforms) = preSolution
		Debug|Any CPU = Debug|Any CPU
		Release|Any CPU = Release|Any CPU
	EndGlobalSection
	GlobalSection(ProjectConfigurationPlatforms) = postSolution
		{F1CBD91E-8FC7-4793-A9F1-BBCCE9A995EA}.Debug|Any CPU.ActiveCfg = Debug|Any CPU
		{F1CBD91E-8FC7-4793-A9F1-BBCCE9A995EA}.Debug|Any CPU.Build.0 = Debug|Any CPU
		{F1CBD91E-8FC7-4793-A9F1-BBCCE9A995EA}.Release|Any CPU.ActiveCfg = Release|Any CPU
		{F1CBD91E-8FC7-4793-A9F1-BBCCE9A995EA}.Release|Any CPU.Build.0 = Release|Any CPU
		{5F713ED2-77E8-4A63-B7CC-4EEA5F1FADB0}.Debug|Any CPU.ActiveCfg = Debug|Any CPU
		{5F713ED2-77E8-4A63-B7CC-4EEA5F1FADB0}.Debug|Any CPU.Build.0 = Debug|Any CPU
		{5F713ED2-77E8-4A63-B7CC-4EEA5F1FADB0}.Release|Any CPU.ActiveCfg = Release|Any CPU
		{5F713ED2-77E8-4A63-B7CC-4EEA5F1FADB0}.Release|Any CPU.Build.0 = Release|Any CPU
	EndGlobalSection
	GlobalSection(SolutionProperties) = preSolution
		HideSolutionNode = FALSE
	EndGlobalSection
	GlobalSection(ExtensibilityGlobals) = postSolution
		SolutionGuid = {0EF8D55B-561D-45DF-ACAE-CA0DCF833C25}
	EndGlobalSection
EndGlobal
